
Microsoft Visual Studio Solution File, Format Version 12.00
# Visual Studio Version 17
VisualStudioVersion = 17.4.33205.214
MinimumVisualStudioVersion = 10.0.40219.1
Project("{FAE04EC0-301F-11D3-BF4B-00C04F79EFBC}") = "Pink_Calculator", "Pink_Calculator\Pink_Calculator.csproj", "{251CBE2B-C8DA-4FE8-AF2F-A43865AAC178}"
EndProject
Project("{FAE04EC0-301F-11D3-BF4B-00C04F79EFBC}") = "PinkCalculator_tests", "PinkCalculator_tests\PinkCalculator_tests.csproj", "{0BA5644F-6D11-4810-8595-D6F1E82CF20F}"
EndProject
Global
	GlobalSection(SolutionConfigurationPlatforms) = preSolution
		Debug|Any CPU = Debug|Any CPU
		Release|Any CPU = Release|Any CPU
	EndGlobalSection
	GlobalSection(ProjectConfigurationPlatforms) = postSolution
		{251CBE2B-C8DA-4FE8-AF2F-A43865AAC178}.Debug|Any CPU.ActiveCfg = Debug|Any CPU
		{251CBE2B-C8DA-4FE8-AF2F-A43865AAC178}.Debug|Any CPU.Build.0 = Debug|Any CPU
		{251CBE2B-C8DA-4FE8-AF2F-A43865AAC178}.Release|Any CPU.ActiveCfg = Release|Any CPU
		{251CBE2B-C8DA-4FE8-AF2F-A43865AAC178}.Release|Any CPU.Build.0 = Release|Any CPU
		{0BA5644F-6D11-4810-8595-D6F1E82CF20F}.Debug|Any CPU.ActiveCfg = Debug|Any CPU
		{0BA5644F-6D11-4810-8595-D6F1E82CF20F}.Debug|Any CPU.Build.0 = Debug|Any CPU
		{0BA5644F-6D11-4810-8595-D6F1E82CF20F}.Release|Any CPU.ActiveCfg = Release|Any CPU
		{0BA5644F-6D11-4810-8595-D6F1E82CF20F}.Release|Any CPU.Build.0 = Release|Any CPU
	EndGlobalSection
	GlobalSection(SolutionProperties) = preSolution
		HideSolutionNode = FALSE
	EndGlobalSection
	GlobalSection(ExtensibilityGlobals) = postSolution
		SolutionGuid = {824C1684-F3B2-448E-B7E6-62E0A187014F}
	EndGlobalSection
EndGlobal
